DEPENDENCIES
  rtorrent
    git: https://github.com/cdown/rtorrent-cookbook.git
    revision: 238605c8b5a54f59b95baadda1d2f41b70cbb927
  seedbox
    path: .
    metadata: true

GRAPH
  compat_resource (12.14.7)
  iptables (3.0.0)
    compat_resource (>= 12.14.3)
  openssh (2.1.0)
    iptables (>= 1.0)
  rtorrent (1.0.1)
  seedbox (1.0.0)
    openssh (>= 0.0.0)
    rtorrent (>= 0.0.0)
    ssh_authorized_keys (>= 0.0.0)
  ssh_authorized_keys (0.3.0)
